
Microsoft Visual Studio Solution File, Format Version 12.00
# Visual Studio Version 17
VisualStudioVersion = 17.3.32929.385
MinimumVisualStudioVersion = 10.0.40219.1
Project("{FAE04EC0-301F-11D3-BF4B-00C04F79EFBC}") = "8_1", "8\8_1.csproj", "{3E2CC829-6A09-4DC8-9569-BAF021D764F6}"
EndProject
Project("{FAE04EC0-301F-11D3-BF4B-00C04F79EFBC}") = "8_2", "8_2\8_2.csproj", "{258CFC99-917F-4389-981E-2601AB2D38C0}"
EndProject
Global
	GlobalSection(SolutionConfigurationPlatforms) = preSolution
		Debug|Any CPU = Debug|Any CPU
		Release|Any CPU = Release|Any CPU
	EndGlobalSection
	GlobalSection(ProjectConfigurationPlatforms) = postSolution
		{3E2CC829-6A09-4DC8-9569-BAF021D764F6}.Debug|Any CPU.ActiveCfg = Debug|Any CPU
		{3E2CC829-6A09-4DC8-9569-BAF021D764F6}.Debug|Any CPU.Build.0 = Debug|Any CPU
		{3E2CC829-6A09-4DC8-9569-BAF021D764F6}.Release|Any CPU.ActiveCfg = Release|Any CPU
		{3E2CC829-6A09-4DC8-9569-BAF021D764F6}.Release|Any CPU.Build.0 = Release|Any CPU
		{258CFC99-917F-4389-981E-2601AB2D38C0}.Debug|Any CPU.ActiveCfg = Debug|Any CPU
		{258CFC99-917F-4389-981E-2601AB2D38C0}.Debug|Any CPU.Build.0 = Debug|Any CPU
		{258CFC99-917F-4389-981E-2601AB2D38C0}.Release|Any CPU.ActiveCfg = Release|Any CPU
		{258CFC99-917F-4389-981E-2601AB2D38C0}.Release|Any CPU.Build.0 = Release|Any CPU
	EndGlobalSection
	GlobalSection(SolutionProperties) = preSolution
		HideSolutionNode = FALSE
	EndGlobalSection
	GlobalSection(ExtensibilityGlobals) = postSolution
		SolutionGuid = {DC8D25B8-C365-4711-B339-7991881287F3}
	EndGlobalSection
EndGlobal
